// !$*UTF8*$!
{
	archiveVersion = 1;
	classes = {
	};
	objectVersion = 56;
	objects = {

/* Begin PBXBuildFile section */
		D806055D2BC0293E000B8894 /* AppDelegate.swift in Sources */ = {isa = PBXBuildFile; fileRef = D806055C2BC0293E000B8894 /* AppDelegate.swift */; };
		D806055F2BC0293E000B8894 /* SceneDelegate.swift in Sources */ = {isa = PBXBuildFile; fileRef = D806055E2BC0293E000B8894 /* SceneDelegate.swift */; };
		D80605612BC0293E000B8894 /* ViewController.swift in Sources */ = {isa = PBXBuildFile; fileRef = D80605602BC0293E000B8894 /* ViewController.swift */; };
		D80605642BC0293E000B8894 /* Main.storyboard in Resources */ = {isa = PBXBuildFile; fileRef = D80605622BC0293E000B8894 /* Main.storyboard */; };
		D80605662BC02941000B8894 /* Assets.xcassets in Resources */ = {isa = PBXBuildFile; fileRef = D80605652BC02941000B8894 /* Assets.xcassets */; };
		D80605692BC02941000B8894 /* LaunchScreen.storyboard in Resources */ = {isa = PBXBuildFile; fileRef = D80605672BC02941000B8894 /* LaunchScreen.storyboard */; };
		D80605722BC02B4A000B8894 /* NoticeViewController.swift in Sources */ = {isa = PBXBuildFile; fileRef = D80605702BC02B4A000B8894 /* NoticeViewController.swift */; };
		D80605732BC02B4A000B8894 /* NoticeViewController.xib in Resources */ = {isa = PBXBuildFile; fileRef = D80605712BC02B4A000B8894 /* NoticeViewController.xib */; };
		D88A7B3E2BC18D7F008DC400 /* GoogleService-Info.plist in Resources */ = {isa = PBXBuildFile; fileRef = D88A7B3D2BC18D7F008DC400 /* GoogleService-Info.plist */; };
		D88A7B412BC19135008DC400 /* FirebaseAnalytics in Frameworks */ = {isa = PBXBuildFile; productRef = D88A7B402BC19135008DC400 /* FirebaseAnalytics */; };
		D88A7B432BC19135008DC400 /* FirebaseAnalyticsOnDeviceConversion in Frameworks */ = {isa = PBXBuildFile; productRef = D88A7B422BC19135008DC400 /* FirebaseAnalyticsOnDeviceConversion */; };
		D88A7B452BC19135008DC400 /* FirebaseAnalyticsSwift in Frameworks */ = {isa = PBXBuildFile; productRef = D88A7B442BC19135008DC400 /* FirebaseAnalyticsSwift */; };
		D88A7B472BC19135008DC400 /* FirebaseAnalyticsWithoutAdIdSupport in Frameworks */ = {isa = PBXBuildFile; productRef = D88A7B462BC19135008DC400 /* FirebaseAnalyticsWithoutAdIdSupport */; };
		D88A7B492BC19135008DC400 /* FirebaseAppCheck in Frameworks */ = {isa = PBXBuildFile; productRef = D88A7B482BC19135008DC400 /* FirebaseAppCheck */; };
		D88A7B4B2BC19135008DC400 /* FirebaseAppDistribution-Beta in Frameworks */ = {isa = PBXBuildFile; productRef = D88A7B4A2BC19135008DC400 /* FirebaseAppDistribution-Beta */; };
		D88A7B4D2BC19135008DC400 /* FirebaseAuth in Frameworks */ = {isa = PBXBuildFile; productRef = D88A7B4C2BC19135008DC400 /* FirebaseAuth */; };
		D88A7B4F2BC19135008DC400 /* FirebaseAuthCombine-Community in Frameworks */ = {isa = PBXBuildFile; productRef = D88A7B4E2BC19135008DC400 /* FirebaseAuthCombine-Community */; };
		D88A7B512BC19135008DC400 /* FirebaseCrashlytics in Frameworks */ = {isa = PBXBuildFile; productRef = D88A7B502BC19135008DC400 /* FirebaseCrashlytics */; };
		D88A7B532BC19135008DC400 /* FirebaseDatabase in Frameworks */ = {isa = PBXBuildFile; productRef = D88A7B522BC19135008DC400 /* FirebaseDatabase */; };
		D88A7B552BC19135008DC400 /* FirebaseDatabaseSwift in Frameworks */ = {isa = PBXBuildFile; productRef = D88A7B542BC19135008DC400 /* FirebaseDatabaseSwift */; };
		D88A7B572BC19135008DC400 /* FirebaseDynamicLinks in Frameworks */ = {isa = PBXBuildFile; productRef = D88A7B562BC19135008DC400 /* FirebaseDynamicLinks */; };
		D88A7B592BC19135008DC400 /* FirebaseFirestore in Frameworks */ = {isa = PBXBuildFile; productRef = D88A7B582BC19135008DC400 /* FirebaseFirestore */; };
		D88A7B5B2BC19135008DC400 /* FirebaseFirestoreCombine-Community in Frameworks */ = {isa = PBXBuildFile; productRef = D88A7B5A2BC19135008DC400 /* FirebaseFirestoreCombine-Community */; };
		D88A7B5D2BC19135008DC400 /* FirebaseFirestoreSwift in Frameworks */ = {isa = PBXBuildFile; productRef = D88A7B5C2BC19135008DC400 /* FirebaseFirestoreSwift */; };
		D88A7B5F2BC19135008DC400 /* FirebaseFunctions in Frameworks */ = {isa = PBXBuildFile; productRef = D88A7B5E2BC19135008DC400 /* FirebaseFunctions */; };
		D88A7B612BC19135008DC400 /* FirebaseFunctionsCombine-Community in Frameworks */ = {isa = PBXBuildFile; productRef = D88A7B602BC19135008DC400 /* FirebaseFunctionsCombine-Community */; };
		D88A7B632BC19135008DC400 /* FirebaseInAppMessaging-Beta in Frameworks */ = {isa = PBXBuildFile; productRef = D88A7B622BC19135008DC400 /* FirebaseInAppMessaging-Beta */; };
		D88A7B652BC19135008DC400 /* FirebaseInAppMessagingSwift-Beta in Frameworks */ = {isa = PBXBuildFile; productRef = D88A7B642BC19135008DC400 /* FirebaseInAppMessagingSwift-Beta */; };
		D88A7B672BC19135008DC400 /* FirebaseInstallations in Frameworks */ = {isa = PBXBuildFile; productRef = D88A7B662BC19135008DC400 /* FirebaseInstallations */; };
		D88A7B692BC19135008DC400 /* FirebaseMLModelDownloader in Frameworks */ = {isa = PBXBuildFile; productRef = D88A7B682BC19135008DC400 /* FirebaseMLModelDownloader */; };
		D88A7B6B2BC19135008DC400 /* FirebaseMessaging in Frameworks */ = {isa = PBXBuildFile; productRef = D88A7B6A2BC19135008DC400 /* FirebaseMessaging */; };
		D88A7B6D2BC19135008DC400 /* FirebasePerformance in Frameworks */ = {isa = PBXBuildFile; productRef = D88A7B6C2BC19135008DC400 /* FirebasePerformance */; };
		D88A7B6F2BC19135008DC400 /* FirebaseRemoteConfig in Frameworks */ = {isa = PBXBuildFile; productRef = D88A7B6E2BC19135008DC400 /* FirebaseRemoteConfig */; };
		D88A7B712BC19135008DC400 /* FirebaseRemoteConfigSwift in Frameworks */ = {isa = PBXBuildFile; productRef = D88A7B702BC19135008DC400 /* FirebaseRemoteConfigSwift */; };
		D88A7B732BC19135008DC400 /* FirebaseStorage in Frameworks */ = {isa = PBXBuildFile; productRef = D88A7B722BC19135008DC400 /* FirebaseStorage */; };
		D88A7B752BC19135008DC400 /* FirebaseStorageCombine-Community in Frameworks */ = {isa = PBXBuildFile; productRef = D88A7B742BC19135008DC400 /* FirebaseStorageCombine-Community */; };
		D88A7B772BC19892008DC400 /* RemoteConfigDefaults.plist in Resources */ = {isa = PBXBuildFile; fileRef = D88A7B762BC19892008DC400 /* RemoteConfigDefaults.plist */; };
/* End PBXBuildFile section */

/* Begin PBXFileReference section */
		D80605592BC0293E000B8894 /* FaInt03Notice.app */ = {isa = PBXFileReference; explicitFileType = wrapper.application; includeInIndex = 0; path = FaInt03Notice.app; sourceTree = BUILT_PRODUCTS_DIR; };
		D806055C2BC0293E000B8894 /* AppDelegate.swift */ = {isa = PBXFileReference; lastKnownFileType = sourcecode.swift; path = AppDelegate.swift; sourceTree = "<group>"; };
		D806055E2BC0293E000B8894 /* SceneDelegate.swift */ = {isa = PBXFileReference; lastKnownFileType = sourcecode.swift; path = SceneDelegate.swift; sourceTree = "<group>"; };
		D80605602BC0293E000B8894 /* ViewController.swift */ = {isa = PBXFileReference; lastKnownFileType = sourcecode.swift; path = ViewController.swift; sourceTree = "<group>"; };
		D80605632BC0293E000B8894 /* Base */ = {isa = PBXFileReference; lastKnownFileType = file.storyboard; name = Base; path = Base.lproj/Main.storyboard; sourceTree = "<group>"; };
		D80605652BC02941000B8894 /* Assets.xcassets */ = {isa = PBXFileReference; lastKnownFileType = folder.assetcatalog; path = Assets.xcassets; sourceTree = "<group>"; };
		D80605682BC02941000B8894 /* Base */ = {isa = PBXFileReference; lastKnownFileType = file.storyboard; name = Base; path = Base.lproj/LaunchScreen.storyboard; sourceTree = "<group>"; };
		D806056A2BC02941000B8894 /* Info.plist */ = {isa = PBXFileReference; lastKnownFileType = text.plist.xml; path = Info.plist; sourceTree = "<group>"; };
		D80605702BC02B4A000B8894 /* NoticeViewController.swift */ = {isa = PBXFileReference; lastKnownFileType = sourcecode.swift; path = NoticeViewController.swift; sourceTree = "<group>"; };
		D80605712BC02B4A000B8894 /* NoticeViewController.xib */ = {isa = PBXFileReference; lastKnownFileType = file.xib; path = NoticeViewController.xib; sourceTree = "<group>"; };
		D88A7B3D2BC18D7F008DC400 /* GoogleService-Info.plist */ = {isa = PBXFileReference; fileEncoding = 4; lastKnownFileType = text.plist.xml; path = "GoogleService-Info.plist"; sourceTree = "<group>"; };
		D88A7B762BC19892008DC400 /* RemoteConfigDefaults.plist */ = {isa = PBXFileReference; lastKnownFileType = text.plist.xml; path = RemoteConfigDefaults.plist; sourceTree = "<group>"; };
/* End PBXFileReference section */

/* Begin PBXFrameworksBuildPhase section */
		D80605562BC0293E000B8894 /* Frameworks */ = {
			isa = PBXFrameworksBuildPhase;
			buildActionMask = 2147483647;
			files = (
				D88A7B532BC19135008DC400 /* FirebaseDatabase in Frameworks */,
				D88A7B612BC19135008DC400 /* FirebaseFunctionsCombine-Community in Frameworks */,
				D88A7B592BC19135008DC400 /* FirebaseFirestore in Frameworks */,
				D88A7B452BC19135008DC400 /* FirebaseAnalyticsSwift in Frameworks */,
				D88A7B412BC19135008DC400 /* FirebaseAnalytics in Frameworks */,
				D88A7B432BC19135008DC400 /* FirebaseAnalyticsOnDeviceConversion in Frameworks */,
				D88A7B692BC19135008DC400 /* FirebaseMLModelDownloader in Frameworks */,
				D88A7B5D2BC19135008DC400 /* FirebaseFirestoreSwift in Frameworks */,
				D88A7B492BC19135008DC400 /* FirebaseAppCheck in Frameworks */,
				D88A7B472BC19135008DC400 /* FirebaseAnalyticsWithoutAdIdSupport in Frameworks */,
				D88A7B4D2BC19135008DC400 /* FirebaseAuth in Frameworks */,
				D88A7B512BC19135008DC400 /* FirebaseCrashlytics in Frameworks */,
				D88A7B712BC19135008DC400 /* FirebaseRemoteConfigSwift in Frameworks */,
				D88A7B632BC19135008DC400 /* FirebaseInAppMessaging-Beta in Frameworks */,
				D88A7B552BC19135008DC400 /* FirebaseDatabaseSwift in Frameworks */,
				D88A7B5F2BC19135008DC400 /* FirebaseFunctions in Frameworks */,
				D88A7B752BC19135008DC400 /* FirebaseStorageCombine-Community in Frameworks */,
				D88A7B6F2BC19135008DC400 /* FirebaseRemoteConfig in Frameworks */,
				D88A7B4B2BC19135008DC400 /* FirebaseAppDistribution-Beta in Frameworks */,
				D88A7B4F2BC19135008DC400 /* FirebaseAuthCombine-Community in Frameworks */,
				D88A7B6D2BC19135008DC400 /* FirebasePerformance in Frameworks */,
				D88A7B652BC19135008DC400 /* FirebaseInAppMessagingSwift-Beta in Frameworks */,
				D88A7B732BC19135008DC400 /* FirebaseStorage in Frameworks */,
				D88A7B572BC19135008DC400 /* FirebaseDynamicLinks in Frameworks */,
				D88A7B5B2BC19135008DC400 /* FirebaseFirestoreCombine-Community in Frameworks */,
				D88A7B6B2BC19135008DC400 /* FirebaseMessaging in Frameworks */,
				D88A7B672BC19135008DC400 /* FirebaseInstallations in Frameworks */,
			);
			runOnlyForDeploymentPostprocessing = 0;
		};
/* End PBXFrameworksBuildPhase section */

/* Begin PBXGroup section */
		D80605502BC0293E000B8894 = {
			isa = PBXGroup;
			children = (
				D806055B2BC0293E000B8894 /* FaInt03Notice */,
				D806055A2BC0293E000B8894 /* Products */,
			);
			sourceTree = "<group>";
		};
		D806055A2BC0293E000B8894 /* Products */ = {
			isa = PBXGroup;
			children = (
				D80605592BC0293E000B8894 /* FaInt03Notice.app */,
			);
			name = Products;
			sourceTree = "<group>";
		};
		D806055B2BC0293E000B8894 /* FaInt03Notice */ = {
			isa = PBXGroup;
			children = (
				D806055C2BC0293E000B8894 /* AppDelegate.swift */,
				D806055E2BC0293E000B8894 /* SceneDelegate.swift */,
				D80605602BC0293E000B8894 /* ViewController.swift */,
				D88A7B762BC19892008DC400 /* RemoteConfigDefaults.plist */,
				D80605622BC0293E000B8894 /* Main.storyboard */,
				D80605702BC02B4A000B8894 /* NoticeViewController.swift */,
				D80605712BC02B4A000B8894 /* NoticeViewController.xib */,
				D80605652BC02941000B8894 /* Assets.xcassets */,
				D80605672BC02941000B8894 /* LaunchScreen.storyboard */,
				D806056A2BC02941000B8894 /* Info.plist */,
				D88A7B3D2BC18D7F008DC400 /* GoogleService-Info.plist */,
			);
			path = FaInt03Notice;
			sourceTree = "<group>";
		};
/* End PBXGroup section */

/* Begin PBXNativeTarget section */
		D80605582BC0293E000B8894 /* FaInt03Notice */ = {
			isa = PBXNativeTarget;
			buildConfigurationList = D806056D2BC02941000B8894 /* Build configuration list for PBXNativeTarget "FaInt03Notice" */;
			buildPhases = (
				D80605552BC0293E000B8894 /* Sources */,
				D80605562BC0293E000B8894 /* Frameworks */,
				D80605572BC0293E000B8894 /* Resources */,
			);
			buildRules = (
			);
			dependencies = (
			);
			name = FaInt03Notice;
			packageProductDependencies = (
				D88A7B402BC19135008DC400 /* FirebaseAnalytics */,
				D88A7B422BC19135008DC400 /* FirebaseAnalyticsOnDeviceConversion */,
				D88A7B442BC19135008DC400 /* FirebaseAnalyticsSwift */,
				D88A7B462BC19135008DC400 /* FirebaseAnalyticsWithoutAdIdSupport */,
				D88A7B482BC19135008DC400 /* FirebaseAppCheck */,
				D88A7B4A2BC19135008DC400 /* FirebaseAppDistribution-Beta */,
				D88A7B4C2BC19135008DC400 /* FirebaseAuth */,
				D88A7B4E2BC19135008DC400 /* FirebaseAuthCombine-Community */,
				D88A7B502BC19135008DC400 /* FirebaseCrashlytics */,
				D88A7B522BC19135008DC400 /* FirebaseDatabase */,
				D88A7B542BC19135008DC400 /* FirebaseDatabaseSwift */,
				D88A7B562BC19135008DC400 /* FirebaseDynamicLinks */,
				D88A7B582BC19135008DC400 /* FirebaseFirestore */,
				D88A7B5A2BC19135008DC400 /* FirebaseFirestoreCombine-Community */,
				D88A7B5C2BC19135008DC400 /* FirebaseFirestoreSwift */,
				D88A7B5E2BC19135008DC400 /* FirebaseFunctions */,
				D88A7B602BC19135008DC400 /* FirebaseFunctionsCombine-Community */,
				D88A7B622BC19135008DC400 /* FirebaseInAppMessaging-Beta */,
				D88A7B642BC19135008DC400 /* FirebaseInAppMessagingSwift-Beta */,
				D88A7B662BC19135008DC400 /* FirebaseInstallations */,
				D88A7B682BC19135008DC400 /* FirebaseMLModelDownloader */,
				D88A7B6A2BC19135008DC400 /* FirebaseMessaging */,
				D88A7B6C2BC19135008DC400 /* FirebasePerformance */,
				D88A7B6E2BC19135008DC400 /* FirebaseRemoteConfig */,
				D88A7B702BC19135008DC400 /* FirebaseRemoteConfigSwift */,
				D88A7B722BC19135008DC400 /* FirebaseStorage */,
				D88A7B742BC19135008DC400 /* FirebaseStorageCombine-Community */,
			);
			productName = FaInt03Notice;
			productReference = D80605592BC0293E000B8894 /* FaInt03Notice.app */;
			productType = "com.apple.product-type.application";
		};
/* End PBXNativeTarget section */

/* Begin PBXProject section */
		D80605512BC0293E000B8894 /* Project object */ = {
			isa = PBXProject;
			attributes = {
				BuildIndependentTargetsInParallel = 1;
				LastSwiftUpdateCheck = 1510;
				LastUpgradeCheck = 1510;
				TargetAttributes = {
					D80605582BC0293E000B8894 = {
						CreatedOnToolsVersion = 15.1;
					};
				};
			};
			buildConfigurationList = D80605542BC0293E000B8894 /* Build configuration list for PBXProject "FaInt03Notice" */;
			compatibilityVersion = "Xcode 14.0";
			developmentRegion = en;
			hasScannedForEncodings = 0;
			knownRegions = (
				en,
				Base,
			);
			mainGroup = D80605502BC0293E000B8894;
			packageReferences = (
				D88A7B3F2BC19135008DC400 /* XCRemoteSwiftPackageReference "firebase-ios-sdk" */,
			);
			productRefGroup = D806055A2BC0293E000B8894 /* Products */;
			projectDirPath = "";
			projectRoot = "";
			targets = (
				D80605582BC0293E000B8894 /* FaInt03Notice */,
			);
		};
/* End PBXProject section */

/* Begin PBXResourcesBuildPhase section */
		D80605572BC0293E000B8894 /* Resources */ = {
			isa = PBXResourcesBuildPhase;
			buildActionMask = 2147483647;
			files = (
				D88A7B772BC19892008DC400 /* RemoteConfigDefaults.plist in Resources */,
				D80605692BC02941000B8894 /* LaunchScreen.storyboard in Resources */,
				D80605662BC02941000B8894 /* Assets.xcassets in Resources */,
				D88A7B3E2BC18D7F008DC400 /* GoogleService-Info.plist in Resources */,
				D80605732BC02B4A000B8894 /* NoticeViewController.xib in Resources */,
				D80605642BC0293E000B8894 /* Main.storyboard in Resources */,
			);
			runOnlyForDeploymentPostprocessing = 0;
		};
/* End PBXResourcesBuildPhase section */

/* Begin PBXSourcesBuildPhase section */
		D80605552BC0293E000B8894 /* Sources */ = {
			isa = PBXSourcesBuildPhase;
			buildActionMask = 2147483647;
			files = (
				D80605612BC0293E000B8894 /* ViewController.swift in Sources */,
				D806055D2BC0293E000B8894 /* AppDelegate.swift in Sources */,
				D80605722BC02B4A000B8894 /* NoticeViewController.swift in Sources */,
				D806055F2BC0293E000B8894 /* SceneDelegate.swift in Sources */,
			);
			runOnlyForDeploymentPostprocessing = 0;
		};
/* End PBXSourcesBuildPhase section */

/* Begin PBXVariantGroup section */
		D80605622BC0293E000B8894 /* Main.storyboard */ = {
			isa = PBXVariantGroup;
			children = (
				D80605632BC0293E000B8894 /* Base */,
			);
			name = Main.storyboard;
			sourceTree = "<group>";
		};
		D80605672BC02941000B8894 /* LaunchScreen.storyboard */ = {
			isa = PBXVariantGroup;
			children = (
				D80605682BC02941000B8894 /* Base */,
			);
			name = LaunchScreen.storyboard;
			sourceTree = "<group>";
		};
/* End PBXVariantGroup section */

/* Begin XCBuildConfiguration section */
		D806056B2BC02941000B8894 /* Debug */ = {
			isa = XCBuildConfiguration;
			buildSettings = {
				ALWAYS_SEARCH_USER_PATHS = NO;
				ASSETCATALOG_COMPILER_GENERATE_SWIFT_ASSET_SYMBOL_EXTENSIONS = YES;
				CLANG_ANALYZER_NONNULL = YES;
				CLANG_ANALYZER_NUMBER_OBJECT_CONVERSION = YES_AGGRESSIVE;
				CLANG_CXX_LANGUAGE_STANDARD = "gnu++20";
				CLANG_ENABLE_MODULES = YES;
				CLANG_ENABLE_OBJC_ARC = YES;
				CLANG_ENABLE_OBJC_WEAK = YES;
				CLANG_WARN_BLOCK_CAPTURE_AUTORELEASING = YES;
				CLANG_WARN_BOOL_CONVERSION = YES;
				CLANG_WARN_COMMA = YES;
				CLANG_WARN_CONSTANT_CONVERSION = YES;
				CLANG_WARN_DEPRECATED_OBJC_IMPLEMENTATIONS = YES;
				CLANG_WARN_DIRECT_OBJC_ISA_USAGE = YES_ERROR;
				CLANG_WARN_DOCUMENTATION_COMMENTS = YES;
				CLANG_WARN_EMPTY_BODY = YES;
				CLANG_WARN_ENUM_CONVERSION = YES;
				CLANG_WARN_INFINITE_RECURSION = YES;
				CLANG_WARN_INT_CONVERSION = YES;
				CLANG_WARN_NON_LITERAL_NULL_CONVERSION = YES;
				CLANG_WARN_OBJC_IMPLICIT_RETAIN_SELF = YES;
				CLANG_WARN_OBJC_LITERAL_CONVERSION = YES;
				CLANG_WARN_OBJC_ROOT_CLASS = YES_ERROR;
				CLANG_WARN_QUOTED_INCLUDE_IN_FRAMEWORK_HEADER = YES;
				CLANG_WARN_RANGE_LOOP_ANALYSIS = YES;
				CLANG_WARN_STRICT_PROTOTYPES = YES;
				CLANG_WARN_SUSPICIOUS_MOVE = YES;
				CLANG_WARN_UNGUARDED_AVAILABILITY = YES_AGGRESSIVE;
				CLANG_WARN_UNREACHABLE_CODE = YES;
				CLANG_WARN__DUPLICATE_METHOD_MATCH = YES;
				COPY_PHASE_STRIP = NO;
				DEBUG_INFORMATION_FORMAT = dwarf;
				ENABLE_STRICT_OBJC_MSGSEND = YES;
				ENABLE_TESTABILITY = YES;
				ENABLE_USER_SCRIPT_SANDBOXING = YES;
				GCC_C_LANGUAGE_STANDARD = gnu17;
				GCC_DYNAMIC_NO_PIC = NO;
				GCC_NO_COMMON_BLOCKS = YES;
				GCC_OPTIMIZATION_LEVEL = 0;
				GCC_PREPROCESSOR_DEFINITIONS = (
					"DEBUG=1",
					"$(inherited)",
				);
				GCC_WARN_64_TO_32_BIT_CONVERSION = YES;
				GCC_WARN_ABOUT_RETURN_TYPE = YES_ERROR;
				GCC_WARN_UNDECLARED_SELECTOR = YES;
				GCC_WARN_UNINITIALIZED_AUTOS = YES_AGGRESSIVE;
				GCC_WARN_UNUSED_FUNCTION = YES;
				GCC_WARN_UNUSED_VARIABLE = YES;
				IPHONEOS_DEPLOYMENT_TARGET = 17.2;
				LOCALIZATION_PREFERS_STRING_CATALOGS = YES;
				MTL_ENABLE_DEBUG_INFO = INCLUDE_SOURCE;
				MTL_FAST_MATH = YES;
				ONLY_ACTIVE_ARCH = YES;
				SDKROOT = iphoneos;
				SWIFT_ACTIVE_COMPILATION_CONDITIONS = "DEBUG $(inherited)";
				SWIFT_OPTIMIZATION_LEVEL = "-Onone";
			};
			name = Debug;
		};
		D806056C2BC02941000B8894 /* Release */ = {
			isa = XCBuildConfiguration;
			buildSettings = {
				ALWAYS_SEARCH_USER_PATHS = NO;
				ASSETCATALOG_COMPILER_GENERATE_SWIFT_ASSET_SYMBOL_EXTENSIONS = YES;
				CLANG_ANALYZER_NONNULL = YES;
				CLANG_ANALYZER_NUMBER_OBJECT_CONVERSION = YES_AGGRESSIVE;
				CLANG_CXX_LANGUAGE_STANDARD = "gnu++20";
				CLANG_ENABLE_MODULES = YES;
				CLANG_ENABLE_OBJC_ARC = YES;
				CLANG_ENABLE_OBJC_WEAK = YES;
				CLANG_WARN_BLOCK_CAPTURE_AUTORELEASING = YES;
				CLANG_WARN_BOOL_CONVERSION = YES;
				CLANG_WARN_COMMA = YES;
				CLANG_WARN_CONSTANT_CONVERSION = YES;
				CLANG_WARN_DEPRECATED_OBJC_IMPLEMENTATIONS = YES;
				CLANG_WARN_DIRECT_OBJC_ISA_USAGE = YES_ERROR;
				CLANG_WARN_DOCUMENTATION_COMMENTS = YES;
				CLANG_WARN_EMPTY_BODY = YES;
				CLANG_WARN_ENUM_CONVERSION = YES;
				CLANG_WARN_INFINITE_RECURSION = YES;
				CLANG_WARN_INT_CONVERSION = YES;
				CLANG_WARN_NON_LITERAL_NULL_CONVERSION = YES;
				CLANG_WARN_OBJC_IMPLICIT_RETAIN_SELF = YES;
				CLANG_WARN_OBJC_LITERAL_CONVERSION = YES;
				CLANG_WARN_OBJC_ROOT_CLASS = YES_ERROR;
				CLANG_WARN_QUOTED_INCLUDE_IN_FRAMEWORK_HEADER = YES;
				CLANG_WARN_RANGE_LOOP_ANALYSIS = YES;
				CLANG_WARN_STRICT_PROTOTYPES = YES;
				CLANG_WARN_SUSPICIOUS_MOVE = YES;
				CLANG_WARN_UNGUARDED_AVAILABILITY = YES_AGGRESSIVE;
				CLANG_WARN_UNREACHABLE_CODE = YES;
				CLANG_WARN__DUPLICATE_METHOD_MATCH = YES;
				COPY_PHASE_STRIP = NO;
				DEBUG_INFORMATION_FORMAT = "dwarf-with-dsym";
				ENABLE_NS_ASSERTIONS = NO;
				ENABLE_STRICT_OBJC_MSGSEND = YES;
				ENABLE_USER_SCRIPT_SANDBOXING = YES;
				GCC_C_LANGUAGE_STANDARD = gnu17;
				GCC_NO_COMMON_BLOCKS = YES;
				GCC_WARN_64_TO_32_BIT_CONVERSION = YES;
				GCC_WARN_ABOUT_RETURN_TYPE = YES_ERROR;
				GCC_WARN_UNDECLARED_SELECTOR = YES;
				GCC_WARN_UNINITIALIZED_AUTOS = YES_AGGRESSIVE;
				GCC_WARN_UNUSED_FUNCTION = YES;
				GCC_WARN_UNUSED_VARIABLE = YES;
				IPHONEOS_DEPLOYMENT_TARGET = 17.2;
				LOCALIZATION_PREFERS_STRING_CATALOGS = YES;
				MTL_ENABLE_DEBUG_INFO = NO;
				MTL_FAST_MATH = YES;
				SDKROOT = iphoneos;
				SWIFT_COMPILATION_MODE = wholemodule;
				VALIDATE_PRODUCT = YES;
			};
			name = Release;
		};
		D806056E2BC02941000B8894 /* Debug */ = {
			isa = XCBuildConfiguration;
			buildSettings = {
				ASSETCATALOG_COMPILER_APPICON_NAME = AppIcon;
				ASSETCATALOG_COMPILER_GLOBAL_ACCENT_COLOR_NAME = AccentColor;
				CODE_SIGN_STYLE = Automatic;
				CURRENT_PROJECT_VERSION = 1;
				GENERATE_INFOPLIST_FILE = YES;
				INFOPLIST_FILE = FaInt03Notice/Info.plist;
				INFOPLIST_KEY_UIApplicationSupportsIndirectInputEvents = YES;
				INFOPLIST_KEY_UILaunchStoryboardName = LaunchScreen;
				INFOPLIST_KEY_UIMainStoryboardFile = Main;
				INFOPLIST_KEY_UISupportedInterfaceOrientations = UIInterfaceOrientationPortrait;
				INFOPLIST_KEY_UISupportedInterfaceOrientations_iPad = "UIInterfaceOrientationLandscapeLeft UIInterfaceOrientationLandscapeRight UIInterfaceOrientationPortrait UIInterfaceOrientationPortraitUpsideDown";
				LD_RUNPATH_SEARCH_PATHS = (
					"$(inherited)",
					"@executable_path/Frameworks",
				);
				MARKETING_VERSION = 1.0;
				PRODUCT_BUNDLE_IDENTIFIER = com.joe3524.FaInt03Notice;
				PRODUCT_NAME = "$(TARGET_NAME)";
				SUPPORTED_PLATFORMS = "iphoneos iphonesimulator";
				SUPPORTS_MACCATALYST = NO;
				SUPPORTS_MAC_DESIGNED_FOR_IPHONE_IPAD = NO;
				SWIFT_EMIT_LOC_STRINGS = YES;
				SWIFT_VERSION = 5.0;
				TARGETED_DEVICE_FAMILY = 1;
			};
			name = Debug;
		};
		D806056F2BC02941000B8894 /* Release */ = {
			isa = XCBuildConfiguration;
			buildSettings = {
				ASSETCATALOG_COMPILER_APPICON_NAME = AppIcon;
				ASSETCATALOG_COMPILER_GLOBAL_ACCENT_COLOR_NAME = AccentColor;
				CODE_SIGN_STYLE = Automatic;
				CURRENT_PROJECT_VERSION = 1;
				GENERATE_INFOPLIST_FILE = YES;
				INFOPLIST_FILE = FaInt03Notice/Info.plist;
				INFOPLIST_KEY_UIApplicationSupportsIndirectInputEvents = YES;
				INFOPLIST_KEY_UILaunchStoryboardName = LaunchScreen;
				INFOPLIST_KEY_UIMainStoryboardFile = Main;
				INFOPLIST_KEY_UISupportedInterfaceOrientations = UIInterfaceOrientationPortrait;
				INFOPLIST_KEY_UISupportedInterfaceOrientations_iPad = "UIInterfaceOrientationLandscapeLeft UIInterfaceOrientationLandscapeRight UIInterfaceOrientationPortrait UIInterfaceOrientationPortraitUpsideDown";
				LD_RUNPATH_SEARCH_PATHS = (
					"$(inherited)",
					"@executable_path/Frameworks",
				);
				MARKETING_VERSION = 1.0;
				PRODUCT_BUNDLE_IDENTIFIER = com.joe3524.FaInt03Notice;
				PRODUCT_NAME = "$(TARGET_NAME)";
				SUPPORTED_PLATFORMS = "iphoneos iphonesimulator";
				SUPPORTS_MACCATALYST = NO;
				SUPPORTS_MAC_DESIGNED_FOR_IPHONE_IPAD = NO;
				SWIFT_EMIT_LOC_STRINGS = YES;
				SWIFT_VERSION = 5.0;
				TARGETED_DEVICE_FAMILY = 1;
			};
			name = Release;
		};
/* End XCBuildConfiguration section */

/* Begin XCConfigurationList section */
		D80605542BC0293E000B8894 /* Build configuration list for PBXProject "FaInt03Notice" */ = {
			isa = XCConfigurationList;
			buildConfigurations = (
				D806056B2BC02941000B8894 /* Debug */,
				D806056C2BC02941000B8894 /* Release */,
			);
			defaultConfigurationIsVisible = 0;
			defaultConfigurationName = Release;
		};
		D806056D2BC02941000B8894 /* Build configuration list for PBXNativeTarget "FaInt03Notice" */ = {
			isa = XCConfigurationList;
			buildConfigurations = (
				D806056E2BC02941000B8894 /* Debug */,
				D806056F2BC02941000B8894 /* Release */,
			);
			defaultConfigurationIsVisible = 0;
			defaultConfigurationName = Release;
		};
/* End XCConfigurationList section */

/* Begin XCRemoteSwiftPackageReference section */
		D88A7B3F2BC19135008DC400 /* XCRemoteSwiftPackageReference "firebase-ios-sdk" */ = {
			isa = XCRemoteSwiftPackageReference;
			repositoryURL = "https://github.com/firebase/firebase-ios-sdk.git";
			requirement = {
				kind = upToNextMajorVersion;
				minimumVersion = 10.23.1;
			};
		};
/* End XCRemoteSwiftPackageReference section */

/* Begin XCSwiftPackageProductDependency section */
		D88A7B402BC19135008DC400 /* FirebaseAnalytics */ = {
			isa = XCSwiftPackageProductDependency;
			package = D88A7B3F2BC19135008DC400 /* XCRemoteSwiftPackageReference "firebase-ios-sdk" */;
			productName = FirebaseAnalytics;
		};
		D88A7B422BC19135008DC400 /* FirebaseAnalyticsOnDeviceConversion */ = {
			isa = XCSwiftPackageProductDependency;
			package = D88A7B3F2BC19135008DC400 /* XCRemoteSwiftPackageReference "firebase-ios-sdk" */;
			productName = FirebaseAnalyticsOnDeviceConversion;
		};
		D88A7B442BC19135008DC400 /* FirebaseAnalyticsSwift */ = {
			isa = XCSwiftPackageProductDependency;
			package = D88A7B3F2BC19135008DC400 /* XCRemoteSwiftPackageReference "firebase-ios-sdk" */;
			productName = FirebaseAnalyticsSwift;
		};
		D88A7B462BC19135008DC400 /* FirebaseAnalyticsWithoutAdIdSupport */ = {
			isa = XCSwiftPackageProductDependency;
			package = D88A7B3F2BC19135008DC400 /* XCRemoteSwiftPackageReference "firebase-ios-sdk" */;
			productName = FirebaseAnalyticsWithoutAdIdSupport;
		};
		D88A7B482BC19135008DC400 /* FirebaseAppCheck */ = {
			isa = XCSwiftPackageProductDependency;
			package = D88A7B3F2BC19135008DC400 /* XCRemoteSwiftPackageReference "firebase-ios-sdk" */;
			productName = FirebaseAppCheck;
		};
		D88A7B4A2BC19135008DC400 /* FirebaseAppDistribution-Beta */ = {
			isa = XCSwiftPackageProductDependency;
			package = D88A7B3F2BC19135008DC400 /* XCRemoteSwiftPackageReference "firebase-ios-sdk" */;
			productName = "FirebaseAppDistribution-Beta";
		};
		D88A7B4C2BC19135008DC400 /* FirebaseAuth */ = {
			isa = XCSwiftPackageProductDependency;
			package = D88A7B3F2BC19135008DC400 /* XCRemoteSwiftPackageReference "firebase-ios-sdk" */;
			productName = FirebaseAuth;
		};
		D88A7B4E2BC19135008DC400 /* FirebaseAuthCombine-Community */ = {
			isa = XCSwiftPackageProductDependency;
			package = D88A7B3F2BC19135008DC400 /* XCRemoteSwiftPackageReference "firebase-ios-sdk" */;
			productName = "FirebaseAuthCombine-Community";
		};
		D88A7B502BC19135008DC400 /* FirebaseCrashlytics */ = {
			isa = XCSwiftPackageProductDependency;
			package = D88A7B3F2BC19135008DC400 /* XCRemoteSwiftPackageReference "firebase-ios-sdk" */;
			productName = FirebaseCrashlytics;
		};
		D88A7B522BC19135008DC400 /* FirebaseDatabase */ = {
			isa = XCSwiftPackageProductDependency;
			package = D88A7B3F2BC19135008DC400 /* XCRemoteSwiftPackageReference "firebase-ios-sdk" */;
			productName = FirebaseDatabase;
		};
		D88A7B542BC19135008DC400 /* FirebaseDatabaseSwift */ = {
			isa = XCSwiftPackageProductDependency;
			package = D88A7B3F2BC19135008DC400 /* XCRemoteSwiftPackageReference "firebase-ios-sdk" */;
			productName = FirebaseDatabaseSwift;
		};
		D88A7B562BC19135008DC400 /* FirebaseDynamicLinks */ = {
			isa = XCSwiftPackageProductDependency;
			package = D88A7B3F2BC19135008DC400 /* XCRemoteSwiftPackageReference "firebase-ios-sdk" */;
			productName = FirebaseDynamicLinks;
		};
		D88A7B582BC19135008DC400 /* FirebaseFirestore */ = {
			isa = XCSwiftPackageProductDependency;
			package = D88A7B3F2BC19135008DC400 /* XCRemoteSwiftPackageReference "firebase-ios-sdk" */;
			productName = FirebaseFirestore;
		};
		D88A7B5A2BC19135008DC400 /* FirebaseFirestoreCombine-Community */ = {
			isa = XCSwiftPackageProductDependency;
			package = D88A7B3F2BC19135008DC400 /* XCRemoteSwiftPackageReference "firebase-ios-sdk" */;
			productName = "FirebaseFirestoreCombine-Community";
		};
		D88A7B5C2BC19135008DC400 /* FirebaseFirestoreSwift */ = {
			isa = XCSwiftPackageProductDependency;
			package = D88A7B3F2BC19135008DC400 /* XCRemoteSwiftPackageReference "firebase-ios-sdk" */;
			productName = FirebaseFirestoreSwift;
		};
		D88A7B5E2BC19135008DC400 /* FirebaseFunctions */ = {
			isa = XCSwiftPackageProductDependency;
			package = D88A7B3F2BC19135008DC400 /* XCRemoteSwiftPackageReference "firebase-ios-sdk" */;
			productName = FirebaseFunctions;
		};
		D88A7B602BC19135008DC400 /* FirebaseFunctionsCombine-Community */ = {
			isa = XCSwiftPackageProductDependency;
			package = D88A7B3F2BC19135008DC400 /* XCRemoteSwiftPackageReference "firebase-ios-sdk" */;
			productName = "FirebaseFunctionsCombine-Community";
		};
		D88A7B622BC19135008DC400 /* FirebaseInAppMessaging-Beta */ = {
			isa = XCSwiftPackageProductDependency;
			package = D88A7B3F2BC19135008DC400 /* XCRemoteSwiftPackageReference "firebase-ios-sdk" */;
			productName = "FirebaseInAppMessaging-Beta";
		};
		D88A7B642BC19135008DC400 /* FirebaseInAppMessagingSwift-Beta */ = {
			isa = XCSwiftPackageProductDependency;
			package = D88A7B3F2BC19135008DC400 /* XCRemoteSwiftPackageReference "firebase-ios-sdk" */;
			productName = "FirebaseInAppMessagingSwift-Beta";
		};
		D88A7B662BC19135008DC400 /* FirebaseInstallations */ = {
			isa = XCSwiftPackageProductDependency;
			package = D88A7B3F2BC19135008DC400 /* XCRemoteSwiftPackageReference "firebase-ios-sdk" */;
			productName = FirebaseInstallations;
		};
		D88A7B682BC19135008DC400 /* FirebaseMLModelDownloader */ = {
			isa = XCSwiftPackageProductDependency;
			package = D88A7B3F2BC19135008DC400 /* XCRemoteSwiftPackageReference "firebase-ios-sdk" */;
			productName = FirebaseMLModelDownloader;
		};
		D88A7B6A2BC19135008DC400 /* FirebaseMessaging */ = {
			isa = XCSwiftPackageProductDependency;
			package = D88A7B3F2BC19135008DC400 /* XCRemoteSwiftPackageReference "firebase-ios-sdk" */;
			productName = FirebaseMessaging;
		};
		D88A7B6C2BC19135008DC400 /* FirebasePerformance */ = {
			isa = XCSwiftPackageProductDependency;
			package = D88A7B3F2BC19135008DC400 /* XCRemoteSwiftPackageReference "firebase-ios-sdk" */;
			productName = FirebasePerformance;
		};
		D88A7B6E2BC19135008DC400 /* FirebaseRemoteConfig */ = {
			isa = XCSwiftPackageProductDependency;
			package = D88A7B3F2BC19135008DC400 /* XCRemoteSwiftPackageReference "firebase-ios-sdk" */;
			productName = FirebaseRemoteConfig;
		};
		D88A7B702BC19135008DC400 /* FirebaseRemoteConfigSwift */ = {
			isa = XCSwiftPackageProductDependency;
			package = D88A7B3F2BC19135008DC400 /* XCRemoteSwiftPackageReference "firebase-ios-sdk" */;
			productName = FirebaseRemoteConfigSwift;
		};
		D88A7B722BC19135008DC400 /* FirebaseStorage */ = {
			isa = XCSwiftPackageProductDependency;
			package = D88A7B3F2BC19135008DC400 /* XCRemoteSwiftPackageReference "firebase-ios-sdk" */;
			productName = FirebaseStorage;
		};
		D88A7B742BC19135008DC400 /* FirebaseStorageCombine-Community */ = {
			isa = XCSwiftPackageProductDependency;
			package = D88A7B3F2BC19135008DC400 /* XCRemoteSwiftPackageReference "firebase-ios-sdk" */;
			productName = "FirebaseStorageCombine-Community";
		};
/* End XCSwiftPackageProductDependency section */
	};
	rootObject = D80605512BC0293E000B8894 /* Project object */;
}
